{
  "name": "open_library",
  "version": "0.1.0",
  "lockfileVersion": 1,
  "requires": true,
  "dependencies": {
    "counterpart": {
      "version": "0.18.6",
      "resolved": "https://registry.npmjs.org/counterpart/-/counterpart-0.18.6.tgz",
      "integrity": "sha512-cAIDAYbC3x8S2DDbvFEJ4TzPtPYXma25/kfAkfmprNLlkPWeX4SdUp1c2xklfphqCU3HnDaivR4R3BrAYf5OMA==",
      "requires": {
        "date-names": "0.1.12",
        "except": "0.1.3",
        "extend": "3.0.1",
        "pluralizers": "0.1.7",
        "sprintf-js": "1.1.1"
      }
    },
    "date-names": {
      "version": "0.1.12",
      "resolved": "https://registry.npmjs.org/date-names/-/date-names-0.1.12.tgz",
      "integrity": "sha512-HYc4+Rl53sOHh9R0pgpgqzZy471E4cFXLOjJDQImGOAeacbAV87+RUO70iE1Mfvnp1yuS2V8Y+/n1nS7OoMYiw=="
    },
    "except": {
      "version": "0.1.3",
      "resolved": "https://registry.npmjs.org/except/-/except-0.1.3.tgz",
      "integrity": "sha1-mCYckZWFUVNrREgiOOl4P7c9KSo=",
      "requires": {
        "indexof": "0.0.1"
      }
    },
    "extend": {
      "version": "3.0.1",
      "resolved": "https://registry.npmjs.org/extend/-/extend-3.0.1.tgz",
      "integrity": "sha1-p1Xqe8Gt/MWjHOfnYtuq3F5jZEQ="
    },
    "indexof": {
      "version": "0.0.1",
      "resolved": "https://registry.npmjs.org/indexof/-/indexof-0.0.1.tgz",
      "integrity": "sha1-gtwzbSMrkGIXnQWrMpOmYFn9Q10="
    },
    "pluralizers": {
      "version": "0.1.7",
      "resolved": "https://registry.npmjs.org/pluralizers/-/pluralizers-0.1.7.tgz",
      "integrity": "sha512-mw6AejUiCaMQ6uPN9ObjJDTnR5AnBSmnHHy3uVTbxrSFSxO5scfwpTs8Dxyb6T2v7GSulhvOq+pm9y+hXUvtOA=="
    },
    "sprintf-js": {
      "version": "1.1.1",
      "resolved": "https://registry.npmjs.org/sprintf-js/-/sprintf-js-1.1.1.tgz",
      "integrity": "sha1-Nr54Mgr+WAH2zqPueLblqrlA6gw="
    }
  }
}
